
Microsoft Visual Studio Solution File, Format Version 12.00
# Visual Studio Version 16
VisualStudioVersion = 16.0.31019.35
MinimumVisualStudioVersion = 10.0.40219.1
Project("{FAE04EC0-301F-11D3-BF4B-00C04F79EFBC}") = "HospitalManagementSystem", "HospitalManagementSystem\HospitalManagementSystem.csproj", "{084017FF-D4D7-4B2F-B3B6-D8F43A0547DE}"
	ProjectSection(ProjectDependencies) = postProject
		{CB573F21-882A-4A36-845E-DF4D2D8CC46F} = {CB573F21-882A-4A36-845E-DF4D2D8CC46F}
	EndProjectSection
EndProject
Project("{54435603-DBB4-11D2-8724-00A0C9A8B90C}") = "MySetup", "MySetup\MySetup.vdproj", "{CB573F21-882A-4A36-845E-DF4D2D8CC46F}"
EndProject
Global
	GlobalSection(SolutionConfigurationPlatforms) = preSolution
		Debug|Any CPU = Debug|Any CPU
		Release|Any CPU = Release|Any CPU
	EndGlobalSection
	GlobalSection(ProjectConfigurationPlatforms) = postSolution
		{084017FF-D4D7-4B2F-B3B6-D8F43A0547DE}.Debug|Any CPU.ActiveCfg = Debug|Any CPU
		{084017FF-D4D7-4B2F-B3B6-D8F43A0547DE}.Debug|Any CPU.Build.0 = Debug|Any CPU
		{084017FF-D4D7-4B2F-B3B6-D8F43A0547DE}.Release|Any CPU.ActiveCfg = Release|Any CPU
		{084017FF-D4D7-4B2F-B3B6-D8F43A0547DE}.Release|Any CPU.Build.0 = Release|Any CPU
		{CB573F21-882A-4A36-845E-DF4D2D8CC46F}.Debug|Any CPU.ActiveCfg = Debug
		{CB573F21-882A-4A36-845E-DF4D2D8CC46F}.Debug|Any CPU.Build.0 = Debug
		{CB573F21-882A-4A36-845E-DF4D2D8CC46F}.Release|Any CPU.ActiveCfg = Release
	EndGlobalSection
	GlobalSection(SolutionProperties) = preSolution
		HideSolutionNode = FALSE
	EndGlobalSection
	GlobalSection(ExtensibilityGlobals) = postSolution
		SolutionGuid = {3C9BF2A2-15C0-4736-B007-5C2889D7FF17}
	EndGlobalSection
EndGlobal
